github.com/hekmon/httplog/v3 v3.0.0 h1:34jkOxXRHXw0KECzF0Mcm36puI9cwZrNEaP/lEeC7iw=
github.com/hekmon/httplog/v3 v3.0.0/go.mod h1:Pgx8KzI8TAXUli/srsM6YI2oeISTumgxJ29jE7oxISo=
github.com/iguanesolutions/auto-slog/v2 v2.0.0 h1:hoMFD2EYJGEmhI8AYYKUdIP0bEmp2NclFqWRTfHzpDU=
github.com/iguanesolutions/auto-slog/v2 v2.0.0/go.mod h1:V+vWNwWZPALoVgC4JitLp5FqlNXiulkp8O7PSjfut6Q=
github.com/iguanesolutions/go-systemd/v6 v6.0.0 h1:es2lr18WHH4l+gl2gWzSrGqHV3Sim57qzFJ/JfCWzTg=
github.com/iguanesolutions/go-systemd/v6 v6.0.0/go.mod h1:ro72ooLfdqwFBDKJ1enOlfUOW6+e1dmW60o7YwchcoQ=
github.com/mattn/go-isatty v0.0.20 h1:xfD0iDuEKnDkl03q4limB+vH+GxLEtL/jb4xVJSWWEY=
github.com/mattn/go-isatty v0.0.20/go.mod h1:W+V8PltTTMOvKvAeJH7IuucS94S2C6jfK/D7dTCTo3Y=
golang.org/x/sys v0.6.0/go.mod h1:oPkhp1MJrh7nUepCBck5+mAzfO9JrbApNNgaTdGDITg=
golang.org/x/sys v0.33.0 h1:q3i8TbbEz+JRD9ywIRlyRAQbM0qF7hu24q3teo2hbuw=
golang.org/x/sys v0.33.0/go.mod h1:BJP2sWEmIv4KK5OTEluFJCKSidICx8ciO85XgH3Ak8k=
